// !$*UTF8*$!
{
	archiveVersion = 1;
	classes = {
	};
	objectVersion = 50;
	objects = {

/* Begin PBXBuildFile section */
		D422B5FD236CBA3D00966771 /* Folder+CoreDataClass.swift in Sources */ = {isa = PBXBuildFile; fileRef = D422B5F5236CBA3D00966771 /* Folder+CoreDataClass.swift */; };
		D422B5FE236CBA3D00966771 /* Folder+CoreDataProperties.swift in Sources */ = {isa = PBXBuildFile; fileRef = D422B5F6236CBA3D00966771 /* Folder+CoreDataProperties.swift */; };
		D422B5FF236CBA3D00966771 /* Location+CoreDataClass.swift in Sources */ = {isa = PBXBuildFile; fileRef = D422B5F7236CBA3D00966771 /* Location+CoreDataClass.swift */; };
		D422B600236CBA3D00966771 /* Location+CoreDataProperties.swift in Sources */ = {isa = PBXBuildFile; fileRef = D422B5F8236CBA3D00966771 /* Location+CoreDataProperties.swift */; };
		D422B601236CBA3D00966771 /* NoteImage+CoreDataClass.swift in Sources */ = {isa = PBXBuildFile; fileRef = D422B5F9236CBA3D00966771 /* NoteImage+CoreDataClass.swift */; };
		D422B602236CBA3D00966771 /* NoteImage+CoreDataProperties.swift in Sources */ = {isa = PBXBuildFile; fileRef = D422B5FA236CBA3D00966771 /* NoteImage+CoreDataProperties.swift */; };
		D422B603236CBA3D00966771 /* Note+CoreDataClass.swift in Sources */ = {isa = PBXBuildFile; fileRef = D422B5FB236CBA3D00966771 /* Note+CoreDataClass.swift */; };
		D422B604236CBA3D00966771 /* Note+CoreDataProperties.swift in Sources */ = {isa = PBXBuildFile; fileRef = D422B5FC236CBA3D00966771 /* Note+CoreDataProperties.swift */; };
		D422B607236CBBD700966771 /* CoreDataManager.swift in Sources */ = {isa = PBXBuildFile; fileRef = D422B606236CBBD700966771 /* CoreDataManager.swift */; };
		D4CB17FA236CAE2F00E7A744 /* AppDelegate.swift in Sources */ = {isa = PBXBuildFile; fileRef = D4CB17F9236CAE2F00E7A744 /* AppDelegate.swift */; };
		D4CB17FC236CAE2F00E7A744 /* SceneDelegate.swift in Sources */ = {isa = PBXBuildFile; fileRef = D4CB17FB236CAE2F00E7A744 /* SceneDelegate.swift */; };
		D4CB1801236CAE2F00E7A744 /* Main.storyboard in Resources */ = {isa = PBXBuildFile; fileRef = D4CB17FF236CAE2F00E7A744 /* Main.storyboard */; };
		D4CB1804236CAE2F00E7A744 /* NotesWithLocation.xcdatamodeld in Sources */ = {isa = PBXBuildFile; fileRef = D4CB1802236CAE2F00E7A744 /* NotesWithLocation.xcdatamodeld */; };
		D4CB1806236CAE3000E7A744 /* Assets.xcassets in Resources */ = {isa = PBXBuildFile; fileRef = D4CB1805236CAE3000E7A744 /* Assets.xcassets */; };
		D4CB1809236CAE3000E7A744 /* LaunchScreen.storyboard in Resources */ = {isa = PBXBuildFile; fileRef = D4CB1807236CAE3000E7A744 /* LaunchScreen.storyboard */; };
/* End PBXBuildFile section */

/* Begin PBXFileReference section */
		D422B5F5236CBA3D00966771 /* Folder+CoreDataClass.swift */ = {isa = PBXFileReference; lastKnownFileType = sourcecode.swift; path = "Folder+CoreDataClass.swift"; sourceTree = "<group>"; };
		D422B5F6236CBA3D00966771 /* Folder+CoreDataProperties.swift */ = {isa = PBXFileReference; lastKnownFileType = sourcecode.swift; path = "Folder+CoreDataProperties.swift"; sourceTree = "<group>"; };
		D422B5F7236CBA3D00966771 /* Location+CoreDataClass.swift */ = {isa = PBXFileReference; lastKnownFileType = sourcecode.swift; path = "Location+CoreDataClass.swift"; sourceTree = "<group>"; };
		D422B5F8236CBA3D00966771 /* Location+CoreDataProperties.swift */ = {isa = PBXFileReference; lastKnownFileType = sourcecode.swift; path = "Location+CoreDataProperties.swift"; sourceTree = "<group>"; };
		D422B5F9236CBA3D00966771 /* NoteImage+CoreDataClass.swift */ = {isa = PBXFileReference; lastKnownFileType = sourcecode.swift; path = "NoteImage+CoreDataClass.swift"; sourceTree = "<group>"; };
		D422B5FA236CBA3D00966771 /* NoteImage+CoreDataProperties.swift */ = {isa = PBXFileReference; lastKnownFileType = sourcecode.swift; path = "NoteImage+CoreDataProperties.swift"; sourceTree = "<group>"; };
		D422B5FB236CBA3D00966771 /* Note+CoreDataClass.swift */ = {isa = PBXFileReference; lastKnownFileType = sourcecode.swift; path = "Note+CoreDataClass.swift"; sourceTree = "<group>"; };
		D422B5FC236CBA3D00966771 /* Note+CoreDataProperties.swift */ = {isa = PBXFileReference; lastKnownFileType = sourcecode.swift; path = "Note+CoreDataProperties.swift"; sourceTree = "<group>"; };
		D422B606236CBBD700966771 /* CoreDataManager.swift */ = {isa = PBXFileReference; lastKnownFileType = sourcecode.swift; path = CoreDataManager.swift; sourceTree = "<group>"; };
		D4CB17F6236CAE2F00E7A744 /* NotesWithLocation.app */ = {isa = PBXFileReference; explicitFileType = wrapper.application; includeInIndex = 0; path = NotesWithLocation.app; sourceTree = BUILT_PRODUCTS_DIR; };
		D4CB17F9236CAE2F00E7A744 /* AppDelegate.swift */ = {isa = PBXFileReference; lastKnownFileType = sourcecode.swift; path = AppDelegate.swift; sourceTree = "<group>"; };
		D4CB17FB236CAE2F00E7A744 /* SceneDelegate.swift */ = {isa = PBXFileReference; lastKnownFileType = sourcecode.swift; path = SceneDelegate.swift; sourceTree = "<group>"; };
		D4CB1800236CAE2F00E7A744 /* Base */ = {isa = PBXFileReference; lastKnownFileType = file.storyboard; name = Base; path = Base.lproj/Main.storyboard; sourceTree = "<group>"; };
		D4CB1803236CAE2F00E7A744 /* NotesWithLocation.xcdatamodel */ = {isa = PBXFileReference; lastKnownFileType = wrapper.xcdatamodel; path = NotesWithLocation.xcdatamodel; sourceTree = "<group>"; };
		D4CB1805236CAE3000E7A744 /* Assets.xcassets */ = {isa = PBXFileReference; lastKnownFileType = folder.assetcatalog; path = Assets.xcassets; sourceTree = "<group>"; };
		D4CB1808236CAE3000E7A744 /* Base */ = {isa = PBXFileReference; lastKnownFileType = file.storyboard; name = Base; path = Base.lproj/LaunchScreen.storyboard; sourceTree = "<group>"; };
		D4CB180A236CAE3000E7A744 /* Info.plist */ = {isa = PBXFileReference; lastKnownFileType = text.plist.xml; path = Info.plist; sourceTree = "<group>"; };
/* End PBXFileReference section */

/* Begin PBXFrameworksBuildPhase section */
		D4CB17F3236CAE2F00E7A744 /* Frameworks */ = {
			isa = PBXFrameworksBuildPhase;
			buildActionMask = 2147483647;
			files = (
			);
			runOnlyForDeploymentPostprocessing = 0;
		};
/* End PBXFrameworksBuildPhase section */

/* Begin PBXGroup section */
		D422B605236CBA4C00966771 /* Model */ = {
			isa = PBXGroup;
			children = (
				D422B5F5236CBA3D00966771 /* Folder+CoreDataClass.swift */,
				D422B5F6236CBA3D00966771 /* Folder+CoreDataProperties.swift */,
				D422B5F7236CBA3D00966771 /* Location+CoreDataClass.swift */,
				D422B5F8236CBA3D00966771 /* Location+CoreDataProperties.swift */,
				D422B5F9236CBA3D00966771 /* NoteImage+CoreDataClass.swift */,
				D422B5FA236CBA3D00966771 /* NoteImage+CoreDataProperties.swift */,
				D422B5FB236CBA3D00966771 /* Note+CoreDataClass.swift */,
				D422B5FC236CBA3D00966771 /* Note+CoreDataProperties.swift */,
				D4CB1802236CAE2F00E7A744 /* NotesWithLocation.xcdatamodeld */,
				D422B606236CBBD700966771 /* CoreDataManager.swift */,
			);
			path = Model;
			sourceTree = "<group>";
		};
		D4CB17ED236CAE2F00E7A744 = {
			isa = PBXGroup;
			children = (
				D4CB17F8236CAE2F00E7A744 /* NotesWithLocation */,
				D4CB17F7236CAE2F00E7A744 /* Products */,
			);
			sourceTree = "<group>";
		};
		D4CB17F7236CAE2F00E7A744 /* Products */ = {
			isa = PBXGroup;
			children = (
				D4CB17F6236CAE2F00E7A744 /* NotesWithLocation.app */,
			);
			name = Products;
			sourceTree = "<group>";
		};
		D4CB17F8236CAE2F00E7A744 /* NotesWithLocation */ = {
			isa = PBXGroup;
			children = (
				D422B605236CBA4C00966771 /* Model */,
				D4CB17F9236CAE2F00E7A744 /* AppDelegate.swift */,
				D4CB17FB236CAE2F00E7A744 /* SceneDelegate.swift */,
				D4CB17FF236CAE2F00E7A744 /* Main.storyboard */,
				D4CB1805236CAE3000E7A744 /* Assets.xcassets */,
				D4CB1807236CAE3000E7A744 /* LaunchScreen.storyboard */,
				D4CB180A236CAE3000E7A744 /* Info.plist */,
			);
			path = NotesWithLocation;
			sourceTree = "<group>";
		};
/* End PBXGroup section */

/* Begin PBXNativeTarget section */
		D4CB17F5236CAE2F00E7A744 /* NotesWithLocation */ = {
			isa = PBXNativeTarget;
			buildConfigurationList = D4CB180D236CAE3000E7A744 /* Build configuration list for PBXNativeTarget "NotesWithLocation" */;
			buildPhases = (
				D4CB17F2236CAE2F00E7A744 /* Sources */,
				D4CB17F3236CAE2F00E7A744 /* Frameworks */,
				D4CB17F4236CAE2F00E7A744 /* Resources */,
			);
			buildRules = (
			);
			dependencies = (
			);
			name = NotesWithLocation;
			productName = NotesWithLocation;
			productReference = D4CB17F6236CAE2F00E7A744 /* NotesWithLocation.app */;
			productType = "com.apple.product-type.application";
		};
/* End PBXNativeTarget section */

/* Begin PBXProject section */
		D4CB17EE236CAE2F00E7A744 /* Project object */ = {
			isa = PBXProject;
			attributes = {
				LastSwiftUpdateCheck = 1120;
				LastUpgradeCheck = 1120;
				ORGANIZATIONNAME = "Arseny Neustroev";
				TargetAttributes = {
					D4CB17F5236CAE2F00E7A744 = {
						CreatedOnToolsVersion = 11.2;
					};
				};
			};
			buildConfigurationList = D4CB17F1236CAE2F00E7A744 /* Build configuration list for PBXProject "NotesWithLocation" */;
			compatibilityVersion = "Xcode 9.3";
			developmentRegion = en;
			hasScannedForEncodings = 0;
			knownRegions = (
				en,
				Base,
			);
			mainGroup = D4CB17ED236CAE2F00E7A744;
			productRefGroup = D4CB17F7236CAE2F00E7A744 /* Products */;
			projectDirPath = "";
			projectRoot = "";
			targets = (
				D4CB17F5236CAE2F00E7A744 /* NotesWithLocation */,
			);
		};
/* End PBXProject section */

/* Begin PBXResourcesBuildPhase section */
		D4CB17F4236CAE2F00E7A744 /* Resources */ = {
			isa = PBXResourcesBuildPhase;
			buildActionMask = 2147483647;
			files = (
				D4CB1809236CAE3000E7A744 /* LaunchScreen.storyboard in Resources */,
				D4CB1806236CAE3000E7A744 /* Assets.xcassets in Resources */,
				D4CB1801236CAE2F00E7A744 /* Main.storyboard in Resources */,
			);
			runOnlyForDeploymentPostprocessing = 0;
		};
/* End PBXResourcesBuildPhase section */

/* Begin PBXSourcesBuildPhase section */
		D4CB17F2236CAE2F00E7A744 /* Sources */ = {
			isa = PBXSourcesBuildPhase;
			buildActionMask = 2147483647;
			files = (
				D422B604236CBA3D00966771 /* Note+CoreDataProperties.swift in Sources */,
				D422B5FF236CBA3D00966771 /* Location+CoreDataClass.swift in Sources */,
				D422B600236CBA3D00966771 /* Location+CoreDataProperties.swift in Sources */,
				D4CB1804236CAE2F00E7A744 /* NotesWithLocation.xcdatamodeld in Sources */,
				D422B5FD236CBA3D00966771 /* Folder+CoreDataClass.swift in Sources */,
				D4CB17FA236CAE2F00E7A744 /* AppDelegate.swift in Sources */,
				D422B607236CBBD700966771 /* CoreDataManager.swift in Sources */,
				D422B602236CBA3D00966771 /* NoteImage+CoreDataProperties.swift in Sources */,
				D422B601236CBA3D00966771 /* NoteImage+CoreDataClass.swift in Sources */,
				D422B603236CBA3D00966771 /* Note+CoreDataClass.swift in Sources */,
				D422B5FE236CBA3D00966771 /* Folder+CoreDataProperties.swift in Sources */,
				D4CB17FC236CAE2F00E7A744 /* SceneDelegate.swift in Sources */,
			);
			runOnlyForDeploymentPostprocessing = 0;
		};
/* End PBXSourcesBuildPhase section */

/* Begin PBXVariantGroup section */
		D4CB17FF236CAE2F00E7A744 /* Main.storyboard */ = {
			isa = PBXVariantGroup;
			children = (
				D4CB1800236CAE2F00E7A744 /* Base */,
			);
			name = Main.storyboard;
			sourceTree = "<group>";
		};
		D4CB1807236CAE3000E7A744 /* LaunchScreen.storyboard */ = {
			isa = PBXVariantGroup;
			children = (
				D4CB1808236CAE3000E7A744 /* Base */,
			);
			name = LaunchScreen.storyboard;
			sourceTree = "<group>";
		};
/* End PBXVariantGroup section */

/* Begin XCBuildConfiguration section */
		D4CB180B236CAE3000E7A744 /* Debug */ = {
			isa = XCBuildConfiguration;
			buildSettings = {
				ALWAYS_SEARCH_USER_PATHS = NO;
				CLANG_ANALYZER_NONNULL = YES;
				CLANG_ANALYZER_NUMBER_OBJECT_CONVERSION = YES_AGGRESSIVE;
				CLANG_CXX_LANGUAGE_STANDARD = "gnu++14";
				CLANG_CXX_LIBRARY = "libc++";
				CLANG_ENABLE_MODULES = YES;
				CLANG_ENABLE_OBJC_ARC = YES;
				CLANG_ENABLE_OBJC_WEAK = YES;
				CLANG_WARN_BLOCK_CAPTURE_AUTORELEASING = YES;
				CLANG_WARN_BOOL_CONVERSION = YES;
				CLANG_WARN_COMMA = YES;
				CLANG_WARN_CONSTANT_CONVERSION = YES;
				CLANG_WARN_DEPRECATED_OBJC_IMPLEMENTATIONS = YES;
				CLANG_WARN_DIRECT_OBJC_ISA_USAGE = YES_ERROR;
				CLANG_WARN_DOCUMENTATION_COMMENTS = YES;
				CLANG_WARN_EMPTY_BODY = YES;
				CLANG_WARN_ENUM_CONVERSION = YES;
				CLANG_WARN_INFINITE_RECURSION = YES;
				CLANG_WARN_INT_CONVERSION = YES;
				CLANG_WARN_NON_LITERAL_NULL_CONVERSION = YES;
				CLANG_WARN_OBJC_IMPLICIT_RETAIN_SELF = YES;
				CLANG_WARN_OBJC_LITERAL_CONVERSION = YES;
				CLANG_WARN_OBJC_ROOT_CLASS = YES_ERROR;
				CLANG_WARN_RANGE_LOOP_ANALYSIS = YES;
				CLANG_WARN_STRICT_PROTOTYPES = YES;
				CLANG_WARN_SUSPICIOUS_MOVE = YES;
				CLANG_WARN_UNGUARDED_AVAILABILITY = YES_AGGRESSIVE;
				CLANG_WARN_UNREACHABLE_CODE = YES;
				CLANG_WARN__DUPLICATE_METHOD_MATCH = YES;
				COPY_PHASE_STRIP = NO;
				DEBUG_INFORMATION_FORMAT = dwarf;
				ENABLE_STRICT_OBJC_MSGSEND = YES;
				ENABLE_TESTABILITY = YES;
				GCC_C_LANGUAGE_STANDARD = gnu11;
				GCC_DYNAMIC_NO_PIC = NO;
				GCC_NO_COMMON_BLOCKS = YES;
				GCC_OPTIMIZATION_LEVEL = 0;
				GCC_PREPROCESSOR_DEFINITIONS = (
					"DEBUG=1",
					"$(inherited)",
				);
				GCC_WARN_64_TO_32_BIT_CONVERSION = YES;
				GCC_WARN_ABOUT_RETURN_TYPE = YES_ERROR;
				GCC_WARN_UNDECLARED_SELECTOR = YES;
				GCC_WARN_UNINITIALIZED_AUTOS = YES_AGGRESSIVE;
				GCC_WARN_UNUSED_FUNCTION = YES;
				GCC_WARN_UNUSED_VARIABLE = YES;
				IPHONEOS_DEPLOYMENT_TARGET = 13.2;
				MTL_ENABLE_DEBUG_INFO = INCLUDE_SOURCE;
				MTL_FAST_MATH = YES;
				ONLY_ACTIVE_ARCH = YES;
				SDKROOT = iphoneos;
				SWIFT_ACTIVE_COMPILATION_CONDITIONS = DEBUG;
				SWIFT_OPTIMIZATION_LEVEL = "-Onone";
			};
			name = Debug;
		};
		D4CB180C236CAE3000E7A744 /* Release */ = {
			isa = XCBuildConfiguration;
			buildSettings = {
				ALWAYS_SEARCH_USER_PATHS = NO;
				CLANG_ANALYZER_NONNULL = YES;
				CLANG_ANALYZER_NUMBER_OBJECT_CONVERSION = YES_AGGRESSIVE;
				CLANG_CXX_LANGUAGE_STANDARD = "gnu++14";
				CLANG_CXX_LIBRARY = "libc++";
				CLANG_ENABLE_MODULES = YES;
				CLANG_ENABLE_OBJC_ARC = YES;
				CLANG_ENABLE_OBJC_WEAK = YES;
				CLANG_WARN_BLOCK_CAPTURE_AUTORELEASING = YES;
				CLANG_WARN_BOOL_CONVERSION = YES;
				CLANG_WARN_COMMA = YES;
				CLANG_WARN_CONSTANT_CONVERSION = YES;
				CLANG_WARN_DEPRECATED_OBJC_IMPLEMENTATIONS = YES;
				CLANG_WARN_DIRECT_OBJC_ISA_USAGE = YES_ERROR;
				CLANG_WARN_DOCUMENTATION_COMMENTS = YES;
				CLANG_WARN_EMPTY_BODY = YES;
				CLANG_WARN_ENUM_CONVERSION = YES;
				CLANG_WARN_INFINITE_RECURSION = YES;
				CLANG_WARN_INT_CONVERSION = YES;
				CLANG_WARN_NON_LITERAL_NULL_CONVERSION = YES;
				CLANG_WARN_OBJC_IMPLICIT_RETAIN_SELF = YES;
				CLANG_WARN_OBJC_LITERAL_CONVERSION = YES;
				CLANG_WARN_OBJC_ROOT_CLASS = YES_ERROR;
				CLANG_WARN_RANGE_LOOP_ANALYSIS = YES;
				CLANG_WARN_STRICT_PROTOTYPES = YES;
				CLANG_WARN_SUSPICIOUS_MOVE = YES;
				CLANG_WARN_UNGUARDED_AVAILABILITY = YES_AGGRESSIVE;
				CLANG_WARN_UNREACHABLE_CODE = YES;
				CLANG_WARN__DUPLICATE_METHOD_MATCH = YES;
				COPY_PHASE_STRIP = NO;
				DEBUG_INFORMATION_FORMAT = "dwarf-with-dsym";
				ENABLE_NS_ASSERTIONS = NO;
				ENABLE_STRICT_OBJC_MSGSEND = YES;
				GCC_C_LANGUAGE_STANDARD = gnu11;
				GCC_NO_COMMON_BLOCKS = YES;
				GCC_WARN_64_TO_32_BIT_CONVERSION = YES;
				GCC_WARN_ABOUT_RETURN_TYPE = YES_ERROR;
				GCC_WARN_UNDECLARED_SELECTOR = YES;
				GCC_WARN_UNINITIALIZED_AUTOS = YES_AGGRESSIVE;
				GCC_WARN_UNUSED_FUNCTION = YES;
				GCC_WARN_UNUSED_VARIABLE = YES;
				IPHONEOS_DEPLOYMENT_TARGET = 13.2;
				MTL_ENABLE_DEBUG_INFO = NO;
				MTL_FAST_MATH = YES;
				SDKROOT = iphoneos;
				SWIFT_COMPILATION_MODE = wholemodule;
				SWIFT_OPTIMIZATION_LEVEL = "-O";
				VALIDATE_PRODUCT = YES;
			};
			name = Release;
		};
		D4CB180E236CAE3000E7A744 /* Debug */ = {
			isa = XCBuildConfiguration;
			buildSettings = {
				ASSETCATALOG_COMPILER_APPICON_NAME = AppIcon;
				CODE_SIGN_STYLE = Automatic;
				DEVELOPMENT_TEAM = 6PTWS2K769;
				INFOPLIST_FILE = NotesWithLocation/Info.plist;
				LD_RUNPATH_SEARCH_PATHS = (
					"$(inherited)",
					"@executable_path/Frameworks",
				);
				PRODUCT_BUNDLE_IDENTIFIER = myCompany.NotesWithLocation;
				PRODUCT_NAME = "$(TARGET_NAME)";
				SWIFT_VERSION = 5.0;
				TARGETED_DEVICE_FAMILY = "1,2";
			};
			name = Debug;
		};
		D4CB180F236CAE3000E7A744 /* Release */ = {
			isa = XCBuildConfiguration;
			buildSettings = {
				ASSETCATALOG_COMPILER_APPICON_NAME = AppIcon;
				CODE_SIGN_STYLE = Automatic;
				DEVELOPMENT_TEAM = 6PTWS2K769;
				INFOPLIST_FILE = NotesWithLocation/Info.plist;
				LD_RUNPATH_SEARCH_PATHS = (
					"$(inherited)",
					"@executable_path/Frameworks",
				);
				PRODUCT_BUNDLE_IDENTIFIER = myCompany.NotesWithLocation;
				PRODUCT_NAME = "$(TARGET_NAME)";
				SWIFT_VERSION = 5.0;
				TARGETED_DEVICE_FAMILY = "1,2";
			};
			name = Release;
		};
/* End XCBuildConfiguration section */

/* Begin XCConfigurationList section */
		D4CB17F1236CAE2F00E7A744 /* Build configuration list for PBXProject "NotesWithLocation" */ = {
			isa = XCConfigurationList;
			buildConfigurations = (
				D4CB180B236CAE3000E7A744 /* Debug */,
				D4CB180C236CAE3000E7A744 /* Release */,
			);
			defaultConfigurationIsVisible = 0;
			defaultConfigurationName = Release;
		};
		D4CB180D236CAE3000E7A744 /* Build configuration list for PBXNativeTarget "NotesWithLocation" */ = {
			isa = XCConfigurationList;
			buildConfigurations = (
				D4CB180E236CAE3000E7A744 /* Debug */,
				D4CB180F236CAE3000E7A744 /* Release */,
			);
			defaultConfigurationIsVisible = 0;
			defaultConfigurationName = Release;
		};
/* End XCConfigurationList section */

/* Begin XCVersionGroup section */
		D4CB1802236CAE2F00E7A744 /* NotesWithLocation.xcdatamodeld */ = {
			isa = XCVersionGroup;
			children = (
				D4CB1803236CAE2F00E7A744 /* NotesWithLocation.xcdatamodel */,
			);
			currentVersion = D4CB1803236CAE2F00E7A744 /* NotesWithLocation.xcdatamodel */;
			path = NotesWithLocation.xcdatamodeld;
			sourceTree = "<group>";
			versionGroupType = wrapper.xcdatamodel;
		};
/* End XCVersionGroup section */
	};
	rootObject = D4CB17EE236CAE2F00E7A744 /* Project object */;
}
